
Microsoft Visual Studio Solution File, Format Version 12.00
# Visual Studio Version 17
VisualStudioVersion = 17.8.34330.188
MinimumVisualStudioVersion = 10.0.40219.1
Project("{FAE04EC0-301F-11D3-BF4B-00C04F79EFBC}") = "РПМ Практическая работа 4", "РПМ Практическая работа 4.csproj", "{B0A954BB-213D-4645-8D48-7DB449BF873F}"
EndProject
Global
	GlobalSection(SolutionConfigurationPlatforms) = preSolution
		Debug|Any CPU = Debug|Any CPU
		Release|Any CPU = Release|Any CPU
	EndGlobalSection
	GlobalSection(ProjectConfigurationPlatforms) = postSolution
		{B0A954BB-213D-4645-8D48-7DB449BF873F}.Debug|Any CPU.ActiveCfg = Debug|Any CPU
		{B0A954BB-213D-4645-8D48-7DB449BF873F}.Debug|Any CPU.Build.0 = Debug|Any CPU
		{B0A954BB-213D-4645-8D48-7DB449BF873F}.Release|Any CPU.ActiveCfg = Release|Any CPU
		{B0A954BB-213D-4645-8D48-7DB449BF873F}.Release|Any CPU.Build.0 = Release|Any CPU
	EndGlobalSection
	GlobalSection(SolutionProperties) = preSolution
		HideSolutionNode = FALSE
	EndGlobalSection
	GlobalSection(ExtensibilityGlobals) = postSolution
		SolutionGuid = {5D81E2F7-BA4B-4280-9AF5-E4115788ED37}
	EndGlobalSection
EndGlobal
